# Generated by pub
# See https://dart.dev/tools/pub/glossary#lockfile
packages:
  _fe_analyzer_shared:
    dependency: transitive
    description:
      name: _fe_analyzer_shared
      sha256: "0b2f2bd91ba804e53a61d757b986f89f1f9eaed5b11e4b2f5a2468d86d6c9fc7"
      url: "https://pub.dev"
    source: hosted
    version: "67.0.0"
  analyzer:
    dependency: transitive
    description:
      name: analyzer
      sha256: "37577842a27e4338429a1cbc32679d508836510b056f1eedf0c8d20e39c1383d"
      url: "https://pub.dev"
    source: hosted
    version: "6.4.1"
  archive:
    dependency: transitive
    description:
      name: archive
      sha256: "0763b45fa9294197a2885c8567927e2830ade852e5c896fd4ab7e0e348d0f373"
      url: "https://pub.dev"
    source: hosted
    version: "3.5.0"
  args:
    dependency: transitive
    description:
      name: args
      sha256: "7cf60b9f0cc88203c5a190b4cd62a99feea42759a7fa695010eb5de1c0b2252a"
      url: "https://pub.dev"
    source: hosted
    version: "2.5.0"
  async:
    dependency: transitive
    description:
      name: async
      sha256: "947bfcf187f74dbc5e146c9eb9c0f10c9f8b30743e341481c1e2ed3ecc18c20c"
      url: "https://pub.dev"
    source: hosted
    version: "2.11.0"
  boolean_selector:
    dependency: transitive
    description:
      name: boolean_selector
      sha256: "6cfb5af12253eaf2b368f07bacc5a80d1301a071c73360d746b7f2e32d762c66"
      url: "https://pub.dev"
    source: hosted
    version: "2.1.1"
  characters:
    dependency: transitive
    description:
      name: characters
      sha256: "04a925763edad70e8443c99234dc3328f442e811f1d8fd1a72f1c8ad0f69a605"
      url: "https://pub.dev"
    source: hosted
    version: "1.3.0"
  chunked_stream:
    dependency: transitive
    description:
      name: chunked_stream
      sha256: b2fde5f81d780f0c1699b8347cae2e413412ae947fc6e64727cc48c6bb54c95c
      url: "https://pub.dev"
    source: hosted
    version: "1.4.2"
  circular_buffer:
    dependency: transitive
    description:
      name: circular_buffer
      sha256: "2889afcfc97aa0d9a4930ae5fdf206aea7d0ac88a3649acec9130565cd8f45d8"
      url: "https://pub.dev"
    source: hosted
    version: "0.11.0"
  clock:
    dependency: transitive
    description:
      name: clock
      sha256: cb6d7f03e1de671e34607e909a7213e31d7752be4fb66a86d29fe1eb14bfb5cf
      url: "https://pub.dev"
    source: hosted
    version: "1.1.1"
  collection:
    dependency: transitive
    description:
      name: collection
      sha256: ee67cb0715911d28db6bf4af1026078bd6f0128b07a5f66fb2ed94ec6783c09a
      url: "https://pub.dev"
    source: hosted
    version: "1.18.0"
  convert:
    dependency: transitive
    description:
      name: convert
      sha256: "0f08b14755d163f6e2134cb58222dd25ea2a2ee8a195e53983d57c075324d592"
      url: "https://pub.dev"
    source: hosted
    version: "3.1.1"
  coverage:
    dependency: transitive
    description:
      name: coverage
      sha256: "8acabb8306b57a409bf4c83522065672ee13179297a6bb0cb9ead73948df7c76"
      url: "https://pub.dev"
    source: hosted
    version: "1.7.2"
  crypto:
    dependency: transitive
    description:
      name: crypto
      sha256: ff625774173754681d66daaf4a448684fb04b78f902da9cb3d308c19cc5e8bab
      url: "https://pub.dev"
    source: hosted
    version: "3.0.3"
  csv:
    dependency: transitive
    description:
      name: csv
      sha256: c6aa2679b2a18cb57652920f674488d89712efaf4d3fdf2e537215b35fc19d6c
      url: "https://pub.dev"
    source: hosted
    version: "6.0.0"
  dart_console:
    dependency: transitive
    description:
      name: dart_console
      sha256: eae9ddd7bb69477a6e9821c75d575874e290887da09292732a35ab510d1de713
      url: "https://pub.dev"
    source: hosted
    version: "4.1.0"
  dcli:
    dependency: "direct main"
    description:
      path: "../dcli"
      relative: true
    source: path
    version: "4.0.0"
  dcli_common:
    dependency: "direct main"
    description:
      path: "../dcli_common"
      relative: true
    source: path
    version: "4.0.0"
  dcli_core:
    dependency: "direct main"
    description:
      path: "../dcli_core"
      relative: true
    source: path
    version: "4.0.0"
  dcli_terminal:
    dependency: "direct main"
    description:
      path: "../dcli_terminal"
      relative: true
    source: path
    version: "4.0.0"
  dcli_test:
    dependency: "direct dev"
    description:
      path: "../dcli_test"
      relative: true
    source: path
    version: "4.0.0"
  equatable:
    dependency: transitive
    description:
      name: equatable
      sha256: c2b87cb7756efdf69892005af546c56c0b5037f54d2a88269b4f347a505e3ca2
      url: "https://pub.dev"
    source: hosted
    version: "2.0.5"
  ffi:
    dependency: transitive
    description:
      name: ffi
      sha256: "493f37e7df1804778ff3a53bd691d8692ddf69702cf4c1c1096a2e41b4779e21"
      url: "https://pub.dev"
    source: hosted
    version: "2.1.2"
  file:
    dependency: transitive
    description:
      name: file
      sha256: "5fc22d7c25582e38ad9a8515372cd9a93834027aacf1801cf01164dac0ffa08c"
      url: "https://pub.dev"
    source: hosted
    version: "7.0.0"
  fixnum:
    dependency: transitive
    description:
      name: fixnum
      sha256: "25517a4deb0c03aa0f32fd12db525856438902d9c16536311e76cdc57b31d7d1"
      url: "https://pub.dev"
    source: hosted
    version: "1.1.0"
  frontend_server_client:
    dependency: transitive
    description:
      name: frontend_server_client
      sha256: f64a0333a82f30b0cca061bc3d143813a486dc086b574bfb233b7c1372427694
      url: "https://pub.dev"
    source: hosted
    version: "4.0.0"
  functional_data:
    dependency: transitive
    description:
      name: functional_data
      sha256: "76d17dc707c40e552014f5a49c0afcc3f1e3f05e800cd6b7872940bfe41a5039"
      url: "https://pub.dev"
    source: hosted
    version: "1.2.0"
  glob:
    dependency: transitive
    description:
      name: glob
      sha256: "0e7014b3b7d4dac1ca4d6114f82bf1782ee86745b9b42a92c9289c23d8a0ab63"
      url: "https://pub.dev"
    source: hosted
    version: "2.1.2"
  globbing:
    dependency: transitive
    description:
      name: globbing
      sha256: "4f89cfaf6fa74c9c1740a96259da06bd45411ede56744e28017cc534a12b6e2d"
      url: "https://pub.dev"
    source: hosted
    version: "1.0.0"
  http_multi_server:
    dependency: transitive
    description:
      name: http_multi_server
      sha256: "97486f20f9c2f7be8f514851703d0119c3596d14ea63227af6f7a481ef2b2f8b"
      url: "https://pub.dev"
    source: hosted
    version: "3.2.1"
  http_parser:
    dependency: transitive
    description:
      name: http_parser
      sha256: "2aa08ce0341cc9b354a498388e30986515406668dbcc4f7c950c3e715496693b"
      url: "https://pub.dev"
    source: hosted
    version: "4.0.2"
  ini:
    dependency: transitive
    description:
      name: ini
      sha256: "12a76c53591ffdf86d1265be3f986888a6dfeb34a85957774bc65912d989a173"
      url: "https://pub.dev"
    source: hosted
    version: "2.1.0"
  intl:
    dependency: transitive
    description:
      name: intl
      sha256: d6f56758b7d3014a48af9701c085700aac781a92a87a62b1333b46d8879661cf
      url: "https://pub.dev"
    source: hosted
    version: "0.19.0"
  io:
    dependency: transitive
    description:
      name: io
      sha256: "2ec25704aba361659e10e3e5f5d672068d332fc8ac516421d483a11e5cbd061e"
      url: "https://pub.dev"
    source: hosted
    version: "1.0.4"
  js:
    dependency: transitive
    description:
      name: js
      sha256: c1b2e9b5ea78c45e1a0788d29606ba27dc5f71f019f32ca5140f61ef071838cf
      url: "https://pub.dev"
    source: hosted
    version: "0.7.1"
  json2yaml:
    dependency: transitive
    description:
      name: json2yaml
      sha256: da94630fbc56079426fdd167ae58373286f603371075b69bf46d848d63ba3e51
      url: "https://pub.dev"
    source: hosted
    version: "3.0.1"
  lint_hard:
    dependency: "direct dev"
    description:
      name: lint_hard
      sha256: "44d15ec309b1a8e1aff99069df9dcb1597f49d5f588f32811ca28fb7b38c32fe"
      url: "https://pub.dev"
    source: hosted
    version: "4.0.0"
  lists:
    dependency: transitive
    description:
      name: lists
      sha256: "4ca5c19ae4350de036a7e996cdd1ee39c93ac0a2b840f4915459b7d0a7d4ab27"
      url: "https://pub.dev"
    source: hosted
    version: "1.0.1"
  logging:
    dependency: transitive
    description:
      name: logging
      sha256: "623a88c9594aa774443aa3eb2d41807a48486b5613e67599fb4c41c0ad47c340"
      url: "https://pub.dev"
    source: hosted
    version: "1.2.0"
  matcher:
    dependency: transitive
    description:
      name: matcher
      sha256: d2323aa2060500f906aa31a895b4030b6da3ebdcc5619d14ce1aada65cd161cb
      url: "https://pub.dev"
    source: hosted
    version: "0.12.16+1"
  meta:
    dependency: "direct main"
    description:
      name: meta
      sha256: bdb68674043280c3428e9ec998512fb681678676b3c54e773629ffe74419f8c7
      url: "https://pub.dev"
    source: hosted
    version: "1.15.0"
  mime:
    dependency: transitive
    description:
      name: mime
      sha256: "2e123074287cc9fd6c09de8336dae606d1ddb88d9ac47358826db698c176a1f2"
      url: "https://pub.dev"
    source: hosted
    version: "1.0.5"
  native_synchronization:
    dependency: transitive
    description:
      name: native_synchronization
      sha256: ff200fe0a64d733ff7d4dde2005271c297db81007604c8cd21037959858133ab
      url: "https://pub.dev"
    source: hosted
    version: "0.2.0"
  node_preamble:
    dependency: transitive
    description:
      name: node_preamble
      sha256: "6e7eac89047ab8a8d26cf16127b5ed26de65209847630400f9aefd7cd5c730db"
      url: "https://pub.dev"
    source: hosted
    version: "2.0.2"
  package_config:
    dependency: transitive
    description:
      name: package_config
      sha256: "1c5b77ccc91e4823a5af61ee74e6b972db1ef98c2ff5a18d3161c982a55448bd"
      url: "https://pub.dev"
    source: hosted
    version: "2.1.0"
  path:
    dependency: "direct main"
    description:
      name: path
      sha256: "087ce49c3f0dc39180befefc60fdb4acd8f8620e5682fe2476afd0b3688bb4af"
      url: "https://pub.dev"
    source: hosted
    version: "1.9.0"
  pool:
    dependency: transitive
    description:
      name: pool
      sha256: "20fe868b6314b322ea036ba325e6fc0711a22948856475e2c2b6306e8ab39c2a"
      url: "https://pub.dev"
    source: hosted
    version: "1.5.1"
  posix:
    dependency: transitive
    description:
      name: posix
      sha256: a0117dc2167805aa9125b82eee515cc891819bac2f538c83646d355b16f58b9a
      url: "https://pub.dev"
    source: hosted
    version: "6.0.1"
  pub_semver:
    dependency: "direct main"
    description:
      name: pub_semver
      sha256: "40d3ab1bbd474c4c2328c91e3a7df8c6dd629b79ece4c4bd04bee496a224fb0c"
      url: "https://pub.dev"
    source: hosted
    version: "2.1.4"
  pubspec_lock:
    dependency: "direct main"
    description:
      name: pubspec_lock
      sha256: ed5fc1ecd0cdc0e14475a091afcb2c4cbb00e74cebff17635e9abbec18d76cc4
      url: "https://pub.dev"
    source: hosted
    version: "3.0.2"
  pubspec_manager:
    dependency: "direct main"
    description:
      name: pubspec_manager
      sha256: b2674161f3f69ed07bc164dc4172afc190d56f060a293a8eb6fa691e5ddf9b5c
      url: "https://pub.dev"
    source: hosted
    version: "1.0.0"
  runtime_named_locks:
    dependency: transitive
    description:
      name: runtime_named_locks
      sha256: "5fe859c1ddeeb595f6528596157191b628d85ba3137f0da327d92153604f2f6b"
      url: "https://pub.dev"
    source: hosted
    version: "1.0.0-beta.6"
  runtime_native_semaphores:
    dependency: transitive
    description:
      name: runtime_native_semaphores
      sha256: bd5895d87f97543be6c9a5199b8a10483b9d6871327fe508ec89dbc2437c9220
      url: "https://pub.dev"
    source: hosted
    version: "1.0.0-beta.6"
  scope:
    dependency: "direct main"
    description:
      name: scope
      sha256: "80cf1cb727791fdaaa4131817974a6084815ed59b9ab02ef352c3a1badea488b"
      url: "https://pub.dev"
    source: hosted
    version: "4.1.0"
  settings_yaml:
    dependency: "direct overridden"
    description:
      path: "../../settings_yaml"
      relative: true
    source: path
    version: "8.1.0-beta.1"
  shelf:
    dependency: transitive
    description:
      name: shelf
      sha256: ad29c505aee705f41a4d8963641f91ac4cee3c8fad5947e033390a7bd8180fa4
      url: "https://pub.dev"
    source: hosted
    version: "1.4.1"
  shelf_packages_handler:
    dependency: transitive
    description:
      name: shelf_packages_handler
      sha256: "89f967eca29607c933ba9571d838be31d67f53f6e4ee15147d5dc2934fee1b1e"
      url: "https://pub.dev"
    source: hosted
    version: "3.0.2"
  shelf_static:
    dependency: transitive
    description:
      name: shelf_static
      sha256: a41d3f53c4adf0f57480578c1d61d90342cd617de7fc8077b1304643c2d85c1e
      url: "https://pub.dev"
    source: hosted
    version: "1.1.2"
  shelf_web_socket:
    dependency: transitive
    description:
      name: shelf_web_socket
      sha256: "9ca081be41c60190ebcb4766b2486a7d50261db7bd0f5d9615f2d653637a84c1"
      url: "https://pub.dev"
    source: hosted
    version: "1.0.4"
  source_map_stack_trace:
    dependency: transitive
    description:
      name: source_map_stack_trace
      sha256: "84cf769ad83aa6bb61e0aa5a18e53aea683395f196a6f39c4c881fb90ed4f7ae"
      url: "https://pub.dev"
    source: hosted
    version: "2.1.1"
  source_maps:
    dependency: transitive
    description:
      name: source_maps
      sha256: "708b3f6b97248e5781f493b765c3337db11c5d2c81c3094f10904bfa8004c703"
      url: "https://pub.dev"
    source: hosted
    version: "0.10.12"
  source_span:
    dependency: transitive
    description:
      name: source_span
      sha256: "53e943d4206a5e30df338fd4c6e7a077e02254531b138a15aec3bd143c1a8b3c"
      url: "https://pub.dev"
    source: hosted
    version: "1.10.0"
  sprintf:
    dependency: transitive
    description:
      name: sprintf
      sha256: "1fc9ffe69d4df602376b52949af107d8f5703b77cda567c4d7d86a0693120f23"
      url: "https://pub.dev"
    source: hosted
    version: "7.0.0"
  stack_trace:
    dependency: "direct main"
    description:
      name: stack_trace
      sha256: "73713990125a6d93122541237550ee3352a2d84baad52d375a4cad2eb9b7ce0b"
      url: "https://pub.dev"
    source: hosted
    version: "1.11.1"
  stream_channel:
    dependency: transitive
    description:
      name: stream_channel
      sha256: ba2aa5d8cc609d96bbb2899c28934f9e1af5cddbd60a827822ea467161eb54e7
      url: "https://pub.dev"
    source: hosted
    version: "2.1.2"
  string_scanner:
    dependency: transitive
    description:
      name: string_scanner
      sha256: "556692adab6cfa87322a115640c11f13cb77b3f076ddcc5d6ae3c20242bedcde"
      url: "https://pub.dev"
    source: hosted
    version: "1.2.0"
  strings:
    dependency: "direct main"
    description:
      name: strings
      sha256: b33f40c4dd3e597bf6d9e7f4f4dc282dad0f19b07d9f320cb5c2183859cbccf5
      url: "https://pub.dev"
    source: hosted
    version: "3.1.1"
  sum_types:
    dependency: transitive
    description:
      name: sum_types
      sha256: c0a0fad9a518d011987e1d9f27fc336194294e55dafdc3699363e52aa5776e09
      url: "https://pub.dev"
    source: hosted
    version: "0.3.5"
  system_info2:
    dependency: transitive
    description:
      name: system_info2
      sha256: "65206bbef475217008b5827374767550a5420ce70a04d2d7e94d1d2253f3efc9"
      url: "https://pub.dev"
    source: hosted
    version: "4.0.0"
  term_glyph:
    dependency: transitive
    description:
      name: term_glyph
      sha256: a29248a84fbb7c79282b40b8c72a1209db169a2e0542bce341da992fe1bc7e84
      url: "https://pub.dev"
    source: hosted
    version: "1.2.1"
  test:
    dependency: "direct dev"
    description:
      name: test
      sha256: d72b538180efcf8413cd2e4e6fcc7ae99c7712e0909eb9223f9da6e6d0ef715f
      url: "https://pub.dev"
    source: hosted
    version: "1.25.4"
  test_api:
    dependency: transitive
    description:
      name: test_api
      sha256: "2419f20b0c8677b2d67c8ac4d1ac7372d862dc6c460cdbb052b40155408cd794"
      url: "https://pub.dev"
    source: hosted
    version: "0.7.1"
  test_core:
    dependency: transitive
    description:
      name: test_core
      sha256: "4d070a6bc36c1c4e89f20d353bfd71dc30cdf2bd0e14349090af360a029ab292"
      url: "https://pub.dev"
    source: hosted
    version: "0.6.2"
  typed_data:
    dependency: transitive
    description:
      name: typed_data
      sha256: facc8d6582f16042dd49f2463ff1bd6e2c9ef9f3d5da3d9b087e244a7b564b3c
      url: "https://pub.dev"
    source: hosted
    version: "1.3.2"
  unicode:
    dependency: transitive
    description:
      name: unicode
      sha256: "0f69e46593d65245774d4f17125c6084d2c20b4e473a983f6e21b7d7762218f1"
      url: "https://pub.dev"
    source: hosted
    version: "0.3.1"
  uuid:
    dependency: transitive
    description:
      name: uuid
      sha256: "814e9e88f21a176ae1359149021870e87f7cddaf633ab678a5d2b0bff7fd1ba8"
      url: "https://pub.dev"
    source: hosted
    version: "4.4.0"
  validators2:
    dependency: transitive
    description:
      name: validators2
      sha256: "5c63054b2f47b6a3f39e0d0e3f5d38829db4545250144a34c9e1585466de4814"
      url: "https://pub.dev"
    source: hosted
    version: "5.0.0"
  vm_service:
    dependency: transitive
    description:
      name: vm_service
      sha256: "3923c89304b715fb1eb6423f017651664a03bf5f4b29983627c4da791f74a4ec"
      url: "https://pub.dev"
    source: hosted
    version: "14.2.1"
  watcher:
    dependency: transitive
    description:
      name: watcher
      sha256: "3d2ad6751b3c16cf07c7fca317a1413b3f26530319181b37e3b9039b84fc01d8"
      url: "https://pub.dev"
    source: hosted
    version: "1.1.0"
  web:
    dependency: transitive
    description:
      name: web
      sha256: "97da13628db363c635202ad97068d47c5b8aa555808e7a9411963c533b449b27"
      url: "https://pub.dev"
    source: hosted
    version: "0.5.1"
  web_socket_channel:
    dependency: transitive
    description:
      name: web_socket_channel
      sha256: "58c6666b342a38816b2e7e50ed0f1e261959630becd4c879c4f26bfa14aa5a42"
      url: "https://pub.dev"
    source: hosted
    version: "2.4.5"
  webkit_inspection_protocol:
    dependency: transitive
    description:
      name: webkit_inspection_protocol
      sha256: "87d3f2333bb240704cd3f1c6b5b7acd8a10e7f0bc28c28dcf14e782014f4a572"
      url: "https://pub.dev"
    source: hosted
    version: "1.2.1"
  win32:
    dependency: "direct main"
    description:
      name: win32
      sha256: "5a751eddf9db89b3e5f9d50c20ab8612296e4e8db69009788d6c8b060a84191c"
      url: "https://pub.dev"
    source: hosted
    version: "4.1.4"
  yaml:
    dependency: transitive
    description:
      name: yaml
      sha256: "75769501ea3489fca56601ff33454fe45507ea3bfb014161abc3b43ae25989d5"
      url: "https://pub.dev"
    source: hosted
    version: "3.1.2"
sdks:
  dart: ">=3.3.0 <4.0.0"
