# Generated by pub
# See https://dart.dev/tools/pub/glossary#lockfile
packages:
  archive:
    dependency: transitive
    description:
      name: archive
      sha256: ed7cc591a948744994714375caf9a2ce89e1d82e8243997c8a2994d57181c212
      url: "https://pub.dev"
    source: hosted
    version: "3.3.5"
  args:
    dependency: transitive
    description:
      name: args
      sha256: b003c3098049a51720352d219b0bb5f219b60fbfb68e7a4748139a06a5676515
      url: "https://pub.dev"
    source: hosted
    version: "2.3.1"
  async:
    dependency: transitive
    description:
      name: async
      sha256: bfe67ef28df125b7dddcea62755991f807aa39a2492a23e1550161692950bbe0
      url: "https://pub.dev"
    source: hosted
    version: "2.10.0"
  basic_utils:
    dependency: transitive
    description:
      name: basic_utils
      sha256: da518c9316eb83e13c0016592c226396c328a038d4cdbed9b7b2783a79620bfb
      url: "https://pub.dev"
    source: hosted
    version: "3.9.4"
  characters:
    dependency: transitive
    description:
      name: characters
      sha256: e6a326c8af69605aec75ed6c187d06b349707a27fbff8222ca9cc2cff167975c
      url: "https://pub.dev"
    source: hosted
    version: "1.2.1"
  chunked_stream:
    dependency: transitive
    description:
      name: chunked_stream
      sha256: a8a0dcb519bd603b397cd242152fe76861d7c65200be58cb8114d96226252ad3
      url: "https://pub.dev"
    source: hosted
    version: "1.4.1"
  circular_buffer:
    dependency: transitive
    description:
      name: circular_buffer
      sha256: "2889afcfc97aa0d9a4930ae5fdf206aea7d0ac88a3649acec9130565cd8f45d8"
      url: "https://pub.dev"
    source: hosted
    version: "0.11.0"
  clock:
    dependency: transitive
    description:
      name: clock
      sha256: cb6d7f03e1de671e34607e909a7213e31d7752be4fb66a86d29fe1eb14bfb5cf
      url: "https://pub.dev"
    source: hosted
    version: "1.1.1"
  collection:
    dependency: transitive
    description:
      name: collection
      sha256: cfc915e6923fe5ce6e153b0723c753045de46de1b4d63771530504004a45fae0
      url: "https://pub.dev"
    source: hosted
    version: "1.17.0"
  convert:
    dependency: transitive
    description:
      name: convert
      sha256: "0f08b14755d163f6e2134cb58222dd25ea2a2ee8a195e53983d57c075324d592"
      url: "https://pub.dev"
    source: hosted
    version: "3.1.1"
  crypto:
    dependency: transitive
    description:
      name: crypto
      sha256: aa274aa7774f8964e4f4f38cc994db7b6158dd36e9187aaceaddc994b35c6c67
      url: "https://pub.dev"
    source: hosted
    version: "3.0.2"
  csv:
    dependency: transitive
    description:
      name: csv
      sha256: "18aef53ab72181a0b5384562d18c8cbd57e941e24cb8e54eb41409d3d8abdc6d"
      url: "https://pub.dev"
    source: hosted
    version: "5.0.1"
  dart_console2:
    dependency: transitive
    description:
      name: dart_console2
      sha256: ef1c79a8aef31bec96163e0f7ae399bd7ad93c37c6f42162a4e6f365a86a5013
      url: "https://pub.dev"
    source: hosted
    version: "2.0.1"
  dcli:
    dependency: "direct main"
    description:
      name: dcli
      sha256: b830c100b1deb1ff3dbc2ff8c210d4638b7dd1b37de25ecf638b4e7bfe7ca771
      url: "https://pub.dev"
    source: hosted
    version: "1.36.0"
  dcli_core:
    dependency: transitive
    description:
      name: dcli_core
      sha256: "144a6cbc697ee98d9720630eea7927cfeaac8970c53364ea0b229fb9586f143d"
      url: "https://pub.dev"
    source: hosted
    version: "1.36.0"
  equatable:
    dependency: transitive
    description:
      name: equatable
      sha256: c2b87cb7756efdf69892005af546c56c0b5037f54d2a88269b4f347a505e3ca2
      url: "https://pub.dev"
    source: hosted
    version: "2.0.5"
  ffi:
    dependency: transitive
    description:
      name: ffi
      sha256: a38574032c5f1dd06c4aee541789906c12ccaab8ba01446e800d9c5b79c4a978
      url: "https://pub.dev"
    source: hosted
    version: "2.0.1"
  file:
    dependency: transitive
    description:
      name: file
      sha256: "1b92bec4fc2a72f59a8e15af5f52cd441e4a7860b49499d69dfa817af20e925d"
      url: "https://pub.dev"
    source: hosted
    version: "6.1.4"
  file_utils:
    dependency: transitive
    description:
      name: file_utils
      sha256: d1e64389a22649095c8405c9e177272caf05139255931c9ff30d53b5c9bcaa34
      url: "https://pub.dev"
    source: hosted
    version: "1.0.1"
  functional_data:
    dependency: transitive
    description:
      name: functional_data
      sha256: "950f886463a7531a3b77904e0eb89e8e06dda78c4e3f5a84686445a2290cce18"
      url: "https://pub.dev"
    source: hosted
    version: "1.0.0"
  glob:
    dependency: transitive
    description:
      name: glob
      sha256: "4515b5b6ddb505ebdd242a5f2cc5d22d3d6a80013789debfbda7777f47ea308c"
      url: "https://pub.dev"
    source: hosted
    version: "2.1.1"
  globbing:
    dependency: transitive
    description:
      name: globbing
      sha256: "4f89cfaf6fa74c9c1740a96259da06bd45411ede56744e28017cc534a12b6e2d"
      url: "https://pub.dev"
    source: hosted
    version: "1.0.0"
  http:
    dependency: transitive
    description:
      name: http
      sha256: "6aa2946395183537c8b880962d935877325d6a09a2867c3970c05c0fed6ac482"
      url: "https://pub.dev"
    source: hosted
    version: "0.13.5"
  http_parser:
    dependency: transitive
    description:
      name: http_parser
      sha256: "2aa08ce0341cc9b354a498388e30986515406668dbcc4f7c950c3e715496693b"
      url: "https://pub.dev"
    source: hosted
    version: "4.0.2"
  ini:
    dependency: transitive
    description:
      name: ini
      sha256: "12a76c53591ffdf86d1265be3f986888a6dfeb34a85957774bc65912d989a173"
      url: "https://pub.dev"
    source: hosted
    version: "2.1.0"
  intl:
    dependency: transitive
    description:
      name: intl
      sha256: "910f85bce16fb5c6f614e117efa303e85a1731bb0081edf3604a2ae6e9a3cc91"
      url: "https://pub.dev"
    source: hosted
    version: "0.17.0"
  js:
    dependency: transitive
    description:
      name: js
      sha256: "323b7c70073cccf6b9b8d8b334be418a3293cfb612a560dc2737160a37bf61bd"
      url: "https://pub.dev"
    source: hosted
    version: "0.6.6"
  json2yaml:
    dependency: transitive
    description:
      name: json2yaml
      sha256: "1bd23a492025254aa14a760db94c8d52142c774ab3f2ab935e31742796bf505d"
      url: "https://pub.dev"
    source: hosted
    version: "3.0.0"
  json_annotation:
    dependency: transitive
    description:
      name: json_annotation
      sha256: "3520fa844009431b5d4491a5a778603520cdc399ab3406332dcc50f93547258c"
      url: "https://pub.dev"
    source: hosted
    version: "4.7.0"
  lint_hard:
    dependency: "direct dev"
    description:
      name: lint_hard
      sha256: "8fd148cfe1eda02fea91eb71c16b543bff4238e299444db77f4ce709be84afa5"
      url: "https://pub.dev"
    source: hosted
    version: "3.0.0-beta.2"
  logging:
    dependency: transitive
    description:
      name: logging
      sha256: c0bbfe94d46aedf9b8b3e695cf3bd48c8e14b35e3b2c639e0aa7755d589ba946
      url: "https://pub.dev"
    source: hosted
    version: "1.1.0"
  matcher:
    dependency: transitive
    description:
      name: matcher
      sha256: c94db23593b89766cda57aab9ac311e3616cf87c6fa4e9749df032f66f30dcb8
      url: "https://pub.dev"
    source: hosted
    version: "0.12.14"
  meta:
    dependency: transitive
    description:
      name: meta
      sha256: "6c268b42ed578a53088d834796959e4a1814b5e9e164f147f580a386e5decf42"
      url: "https://pub.dev"
    source: hosted
    version: "1.8.0"
  mime:
    dependency: transitive
    description:
      name: mime
      sha256: "52e38f7e1143ef39daf532117d6b8f8f617bf4bcd6044ed8c29040d20d269630"
      url: "https://pub.dev"
    source: hosted
    version: "1.0.3"
  path:
    dependency: transitive
    description:
      name: path
      sha256: "8829d8a55c13fc0e37127c29fedf290c102f4e40ae94ada574091fe0ff96c917"
      url: "https://pub.dev"
    source: hosted
    version: "1.8.3"
  pointycastle:
    dependency: transitive
    description:
      name: pointycastle
      sha256: db7306cf0249f838d1a24af52b5a5887c5bf7f31d8bb4e827d071dc0939ad346
      url: "https://pub.dev"
    source: hosted
    version: "3.6.2"
  posix:
    dependency: transitive
    description:
      name: posix
      sha256: "203e3ad9df376927118dc662e1724dde1f64e2c3292cd59a8082d4a2de84bb70"
      url: "https://pub.dev"
    source: hosted
    version: "4.1.0"
  pub_semver:
    dependency: transitive
    description:
      name: pub_semver
      sha256: "307de764d305289ff24ad257ad5c5793ce56d04947599ad68b3baa124105fc17"
      url: "https://pub.dev"
    source: hosted
    version: "2.1.3"
  pubspec2:
    dependency: transitive
    description:
      name: pubspec2
      sha256: "18059ce48025e00b9b6bfb5316ad4211fd47c16965bf467de79b338c76fa8503"
      url: "https://pub.dev"
    source: hosted
    version: "2.4.1"
  pubspec_lock:
    dependency: transitive
    description:
      name: pubspec_lock
      sha256: "71a3d2fab24e3497bf732e70f78eabff835769b6a1963f9da0d06772f646af7f"
      url: "https://pub.dev"
    source: hosted
    version: "3.0.1"
  quiver:
    dependency: transitive
    description:
      name: quiver
      sha256: b1c1ac5ce6688d77f65f3375a9abb9319b3cb32486bdc7a1e0fdf004d7ba4e47
      url: "https://pub.dev"
    source: hosted
    version: "3.2.1"
  random_string:
    dependency: transitive
    description:
      name: random_string
      sha256: "03b52435aae8cbdd1056cf91bfc5bf845e9706724dd35ae2e99fa14a1ef79d02"
      url: "https://pub.dev"
    source: hosted
    version: "2.3.1"
  scope:
    dependency: transitive
    description:
      name: scope
      sha256: e0c880d8f0db2ffd2accd63eeb02396748f3b8a2f71bce4b7d3f8dab75fc8a74
      url: "https://pub.dev"
    source: hosted
    version: "3.0.0"
  settings_yaml:
    dependency: transitive
    description:
      name: settings_yaml
      sha256: "76e7cbce59398e663df0b8e2d08c7719dcb6016137f01b3338a0bb0448f4ec71"
      url: "https://pub.dev"
    source: hosted
    version: "4.0.1"
  source_span:
    dependency: transitive
    description:
      name: source_span
      sha256: dd904f795d4b4f3b870833847c461801f6750a9fa8e61ea5ac53f9422b31f250
      url: "https://pub.dev"
    source: hosted
    version: "1.9.1"
  stack_trace:
    dependency: "direct main"
    description:
      name: stack_trace
      sha256: c3c7d8edb15bee7f0f74debd4b9c5f3c2ea86766fe4178eb2a18eb30a0bdaed5
      url: "https://pub.dev"
    source: hosted
    version: "1.11.0"
  stacktrace_impl:
    dependency: transitive
    description:
      name: stacktrace_impl
      sha256: a42791862f672151d7f5a12911bf607c5b6d600f15f4f2457ef4ec92bfcf561b
      url: "https://pub.dev"
    source: hosted
    version: "2.3.0"
  string_scanner:
    dependency: transitive
    description:
      name: string_scanner
      sha256: "556692adab6cfa87322a115640c11f13cb77b3f076ddcc5d6ae3c20242bedcde"
      url: "https://pub.dev"
    source: hosted
    version: "1.2.0"
  sum_types:
    dependency: transitive
    description:
      name: sum_types
      sha256: af94bdbd220c90e1118a0b24453c52dc0593aa561ec613e7f5d6b576dde11958
      url: "https://pub.dev"
    source: hosted
    version: "0.3.4"
  system_info2:
    dependency: transitive
    description:
      name: system_info2
      sha256: "90621f3ba586e1f268e38cc7951b172cd4d997e43dc1fbed12eb334c8a22a886"
      url: "https://pub.dev"
    source: hosted
    version: "2.0.4"
  term_glyph:
    dependency: transitive
    description:
      name: term_glyph
      sha256: a29248a84fbb7c79282b40b8c72a1209db169a2e0542bce341da992fe1bc7e84
      url: "https://pub.dev"
    source: hosted
    version: "1.2.1"
  typed_data:
    dependency: transitive
    description:
      name: typed_data
      sha256: "26f87ade979c47a150c9eaab93ccd2bebe70a27dc0b4b29517f2904f04eb11a5"
      url: "https://pub.dev"
    source: hosted
    version: "1.3.1"
  uri:
    dependency: transitive
    description:
      name: uri
      sha256: "889eea21e953187c6099802b7b4cf5219ba8f3518f604a1033064d45b1b8268a"
      url: "https://pub.dev"
    source: hosted
    version: "1.0.0"
  uuid:
    dependency: transitive
    description:
      name: uuid
      sha256: "648e103079f7c64a36dc7d39369cabb358d377078a051d6ae2ad3aa539519313"
      url: "https://pub.dev"
    source: hosted
    version: "3.0.7"
  validators2:
    dependency: transitive
    description:
      name: validators2
      sha256: c95746d5176ed1c01aff95fcd1ef22b6459f48a8aa26577ddf7a1e21919a81dc
      url: "https://pub.dev"
    source: hosted
    version: "3.0.0"
  vin_decoder:
    dependency: transitive
    description:
      name: vin_decoder
      sha256: d6934cd36d24e5f306dbcc3eb00f7104fb7d34e2bc82ab2c67f89cedbc983250
      url: "https://pub.dev"
    source: hosted
    version: "0.2.1-nullsafety"
  win32:
    dependency: transitive
    description:
      name: win32
      sha256: c9ebe7ee4ab0c2194e65d3a07d8c54c5d00bb001b76081c4a04cdb8448b59e46
      url: "https://pub.dev"
    source: hosted
    version: "3.1.3"
  yaml:
    dependency: transitive
    description:
      name: yaml
      sha256: "23812a9b125b48d4007117254bca50abb6c712352927eece9e155207b1db2370"
      url: "https://pub.dev"
    source: hosted
    version: "3.1.1"
sdks:
  dart: ">=2.19.0-444.2.beta <4.0.0"
